// !$*UTF8*$!
{
	archiveVersion = 1;
	classes = {
	};
	objectVersion = 46;
	objects = {

/* Begin PBXBuildFile section */
		0E82C778178DBBC200E9E0A5 /* EAGLView.mm in Sources */ = {isa = PBXBuildFile; fileRef = 0E82C774178DBBC200E9E0A5 /* EAGLView.mm */; };
		0E82C779178DBBC200E9E0A5 /* ES2Renderer.mm in Sources */ = {isa = PBXBuildFile; fileRef = 0E82C776178DBBC200E9E0A5 /* ES2Renderer.mm */; };
		0E82C77F178DBBCF00E9E0A5 /* pmdReader.mm in Sources */ = {isa = PBXBuildFile; fileRef = 0E82C77C178DBBCF00E9E0A5 /* pmdReader.mm */; settings = {COMPILER_FLAGS = "-fno-objc-arc"; }; };
		0E82C780178DBBCF00E9E0A5 /* pmdRenderer.mm in Sources */ = {isa = PBXBuildFile; fileRef = 0E82C77E178DBBCF00E9E0A5 /* pmdRenderer.mm */; settings = {COMPILER_FLAGS = "-fno-objc-arc"; }; };
		0E82C791178DBBDF00E9E0A5 /* PVRTexture.m in Sources */ = {isa = PBXBuildFile; fileRef = 0E82C784178DBBDF00E9E0A5 /* PVRTexture.m */; };
		0E82C792178DBBDF00E9E0A5 /* PVRTMatrixF.cpp in Sources */ = {isa = PBXBuildFile; fileRef = 0E82C789178DBBDF00E9E0A5 /* PVRTMatrixF.cpp */; };
		0E82C793178DBBDF00E9E0A5 /* PVRTQuaternionF.cpp in Sources */ = {isa = PBXBuildFile; fileRef = 0E82C78B178DBBDF00E9E0A5 /* PVRTQuaternionF.cpp */; };
		0E82C794178DBBDF00E9E0A5 /* PVRTQuaternionX.cpp in Sources */ = {isa = PBXBuildFile; fileRef = 0E82C78C178DBBDF00E9E0A5 /* PVRTQuaternionX.cpp */; };
		0E82C795178DBBDF00E9E0A5 /* PVRTVector.cpp in Sources */ = {isa = PBXBuildFile; fileRef = 0E82C78D178DBBDF00E9E0A5 /* PVRTVector.cpp */; };
		0E82C796178DBBDF00E9E0A5 /* Texture2D.m in Sources */ = {isa = PBXBuildFile; fileRef = 0E82C790178DBBDF00E9E0A5 /* Texture2D.m */; };
		0E82C79A178DBBF000E9E0A5 /* SGXSkininngEvaluator.mm in Sources */ = {isa = PBXBuildFile; fileRef = 0E82C799178DBBF000E9E0A5 /* SGXSkininngEvaluator.mm */; };
		0E82C7A2178DBC1000E9E0A5 /* vmdMotionProvider.mm in Sources */ = {isa = PBXBuildFile; fileRef = 0E82C79D178DBC1000E9E0A5 /* vmdMotionProvider.mm */; };
		0E82C7A3178DBC1000E9E0A5 /* vmdMotonProviderIK.mm in Sources */ = {isa = PBXBuildFile; fileRef = 0E82C79E178DBC1000E9E0A5 /* vmdMotonProviderIK.mm */; };
		0E82C7A4178DBC1000E9E0A5 /* vmdMotonProviderSkinAnimation.mm in Sources */ = {isa = PBXBuildFile; fileRef = 0E82C79F178DBC1000E9E0A5 /* vmdMotonProviderSkinAnimation.mm */; };
		0E82C7A5178DBC1000E9E0A5 /* vmdReader.mm in Sources */ = {isa = PBXBuildFile; fileRef = 0E82C7A1178DBC1000E9E0A5 /* vmdReader.mm */; };
		0E82C7AE178DBD5800E9E0A5 /* Shader.fsh in Resources */ = {isa = PBXBuildFile; fileRef = 0E82C7A6178DBD5800E9E0A5 /* Shader.fsh */; };
		0E82C7AF178DBD5800E9E0A5 /* Shader.vsh in Resources */ = {isa = PBXBuildFile; fileRef = 0E82C7A7178DBD5800E9E0A5 /* Shader.vsh */; };
		0E82C7B0178DBD5800E9E0A5 /* ShaderPlain.fsh in Resources */ = {isa = PBXBuildFile; fileRef = 0E82C7A8178DBD5800E9E0A5 /* ShaderPlain.fsh */; };
		0E82C7B1178DBD5800E9E0A5 /* ShaderPlain.vsh in Resources */ = {isa = PBXBuildFile; fileRef = 0E82C7A9178DBD5800E9E0A5 /* ShaderPlain.vsh */; };
		0E82C7B2178DBD5800E9E0A5 /* ShaderPlainSkin.fsh in Resources */ = {isa = PBXBuildFile; fileRef = 0E82C7AA178DBD5800E9E0A5 /* ShaderPlainSkin.fsh */; };
		0E82C7B3178DBD5800E9E0A5 /* ShaderPlainSkin.vsh in Resources */ = {isa = PBXBuildFile; fileRef = 0E82C7AB178DBD5800E9E0A5 /* ShaderPlainSkin.vsh */; };
		0E82C7B4178DBD5800E9E0A5 /* ShaderPlainTex.fsh in Resources */ = {isa = PBXBuildFile; fileRef = 0E82C7AC178DBD5800E9E0A5 /* ShaderPlainTex.fsh */; };
		0E82C7B5178DBD5800E9E0A5 /* ShaderPlainTex.vsh in Resources */ = {isa = PBXBuildFile; fileRef = 0E82C7AD178DBD5800E9E0A5 /* ShaderPlainTex.vsh */; };
		0E82C7B7178DBD8700E9E0A5 /* QuartzCore.framework in Frameworks */ = {isa = PBXBuildFile; fileRef = 0E82C7B6178DBD8700E9E0A5 /* QuartzCore.framework */; };
		0E82C7B9178DBD8F00E9E0A5 /* OpenGLES.framework in Frameworks */ = {isa = PBXBuildFile; fileRef = 0E82C7B8178DBD8F00E9E0A5 /* OpenGLES.framework */; };
		0E91688617912837001FD3A6 /* MikuMikuConnection.m in Sources */ = {isa = PBXBuildFile; fileRef = 0E91688517912837001FD3A6 /* MikuMikuConnection.m */; };
		0E91688C17912873001FD3A6 /* MikuMikuRequest.m in Sources */ = {isa = PBXBuildFile; fileRef = 0E91688B17912873001FD3A6 /* MikuMikuRequest.m */; };
		0E91689117912A48001FD3A6 /* WindowLocker.m in Sources */ = {isa = PBXBuildFile; fileRef = 0E91689017912A48001FD3A6 /* WindowLocker.m */; };
		0E91689417912A78001FD3A6 /* WindowLocker+MikuMikuConnection.m in Sources */ = {isa = PBXBuildFile; fileRef = 0E91689317912A78001FD3A6 /* WindowLocker+MikuMikuConnection.m */; };
		0E91689717912B4D001FD3A6 /* MikuMikuResponse.m in Sources */ = {isa = PBXBuildFile; fileRef = 0E91689617912B4D001FD3A6 /* MikuMikuResponse.m */; };
		0E91689A17912B66001FD3A6 /* MikuMikuError.m in Sources */ = {isa = PBXBuildFile; fileRef = 0E91689917912B66001FD3A6 /* MikuMikuError.m */; };
		0E91689D17912F43001FD3A6 /* MikuMikuRequestPerformer.m in Sources */ = {isa = PBXBuildFile; fileRef = 0E91689C17912F43001FD3A6 /* MikuMikuRequestPerformer.m */; };
		0EAAC65817914263008EAE4F /* MikuMikuErrorDescriptions.plist in Resources */ = {isa = PBXBuildFile; fileRef = 0EAAC65717914263008EAE4F /* MikuMikuErrorDescriptions.plist */; };
		0EAAC65E1791973B008EAE4F /* MikuMikuConnectionServer.m in Sources */ = {isa = PBXBuildFile; fileRef = 0EAAC65D1791973B008EAE4F /* MikuMikuConnectionServer.m */; };
		0EAAC6621791A133008EAE4F /* MikuMikuConnectionServers.plist in Resources */ = {isa = PBXBuildFile; fileRef = 0EAAC6611791A132008EAE4F /* MikuMikuConnectionServers.plist */; };
		0EB7E4B71792D002009F2FFF /* MMDHubItemTableView.m in Sources */ = {isa = PBXBuildFile; fileRef = 0EB7E4B31792D002009F2FFF /* MMDHubItemTableView.m */; };
		0EB7E4B81792D002009F2FFF /* MMDHubViewController.m in Sources */ = {isa = PBXBuildFile; fileRef = 0EB7E4B51792D002009F2FFF /* MMDHubViewController.m */; };
		0EB7E4B91792D002009F2FFF /* MMDHubViewController.xib in Resources */ = {isa = PBXBuildFile; fileRef = 0EB7E4B61792D002009F2FFF /* MMDHubViewController.xib */; };
		0EB7E4C61792D2BE009F2FFF /* DownloadsViewController.m in Sources */ = {isa = PBXBuildFile; fileRef = 0EB7E4C41792D2BE009F2FFF /* DownloadsViewController.m */; };
		0EB7E4C71792D2BE009F2FFF /* DownloadsViewController.xib in Resources */ = {isa = PBXBuildFile; fileRef = 0EB7E4C51792D2BE009F2FFF /* DownloadsViewController.xib */; };
		0EB7E4CC1792D372009F2FFF /* PartyViewController.m in Sources */ = {isa = PBXBuildFile; fileRef = 0EB7E4CA1792D372009F2FFF /* PartyViewController.m */; };
		0EB7E4CD1792D372009F2FFF /* PartyViewController.xib in Resources */ = {isa = PBXBuildFile; fileRef = 0EB7E4CB1792D372009F2FFF /* PartyViewController.xib */; };
		0EB7E4D1179308D0009F2FFF /* ItemDetailViewController.m in Sources */ = {isa = PBXBuildFile; fileRef = 0EB7E4CF179308D0009F2FFF /* ItemDetailViewController.m */; };
		0EB7E4D2179308D0009F2FFF /* ItemDetailViewController.xib in Resources */ = {isa = PBXBuildFile; fileRef = 0EB7E4D0179308D0009F2FFF /* ItemDetailViewController.xib */; };
		0EB7E4D617930CDC009F2FFF /* MMDHubItem.m in Sources */ = {isa = PBXBuildFile; fileRef = 0EB7E4D517930CDC009F2FFF /* MMDHubItem.m */; };
		0EB7E4D917930CFF009F2FFF /* MMDHubItemCollection.m in Sources */ = {isa = PBXBuildFile; fileRef = 0EB7E4D817930CFF009F2FFF /* MMDHubItemCollection.m */; };
		0EB7E4DD1795A0EF009F2FFF /* DownloadController.m in Sources */ = {isa = PBXBuildFile; fileRef = 0EB7E4DC1795A0EF009F2FFF /* DownloadController.m */; };
		0EB7E4E11795A768009F2FFF /* MikuMikuDownloader.m in Sources */ = {isa = PBXBuildFile; fileRef = 0EB7E4E01795A768009F2FFF /* MikuMikuDownloader.m */; };
		0EB7E4E51795B30E009F2FFF /* ZipArchive.mm in Sources */ = {isa = PBXBuildFile; fileRef = 0EB7E4E41795B30E009F2FFF /* ZipArchive.mm */; };
		0EB7E4F01795B331009F2FFF /* ioapi.c in Sources */ = {isa = PBXBuildFile; fileRef = 0EB7E4E81795B331009F2FFF /* ioapi.c */; };
		0EB7E4F11795B331009F2FFF /* mztools.c in Sources */ = {isa = PBXBuildFile; fileRef = 0EB7E4EA1795B331009F2FFF /* mztools.c */; };
		0EB7E4F21795B331009F2FFF /* unzip.c in Sources */ = {isa = PBXBuildFile; fileRef = 0EB7E4EC1795B331009F2FFF /* unzip.c */; };
		0EB7E4F31795B331009F2FFF /* zip.c in Sources */ = {isa = PBXBuildFile; fileRef = 0EB7E4EE1795B331009F2FFF /* zip.c */; };
		0EB7E4F51795B38E009F2FFF /* libz.1.2.5.dylib in Frameworks */ = {isa = PBXBuildFile; fileRef = 0EB7E4F41795B38D009F2FFF /* libz.1.2.5.dylib */; };
		0EB7E4F8179827C4009F2FFF /* ItemSelectViewController.m in Sources */ = {isa = PBXBuildFile; fileRef = 0EB7E4F7179827C4009F2FFF /* ItemSelectViewController.m */; };
		0EB7E4FC17997D93009F2FFF /* NSString+Charset.m in Sources */ = {isa = PBXBuildFile; fileRef = 0EB7E4FB17997D93009F2FFF /* NSString+Charset.m */; };
		0EB7E5001799A99B009F2FFF /* pmxReader.mm in Sources */ = {isa = PBXBuildFile; fileRef = 0EB7E4FE1799A99B009F2FFF /* pmxReader.mm */; };
		0EF8DD93178DB7A00067522B /* UIKit.framework in Frameworks */ = {isa = PBXBuildFile; fileRef = 0EF8DD92178DB7A00067522B /* UIKit.framework */; };
		0EF8DD95178DB7A00067522B /* Foundation.framework in Frameworks */ = {isa = PBXBuildFile; fileRef = 0EF8DD94178DB7A00067522B /* Foundation.framework */; };
		0EF8DD97178DB7A00067522B /* CoreGraphics.framework in Frameworks */ = {isa = PBXBuildFile; fileRef = 0EF8DD96178DB7A00067522B /* CoreGraphics.framework */; };
		0EF8DD9D178DB7A00067522B /* InfoPlist.strings in Resources */ = {isa = PBXBuildFile; fileRef = 0EF8DD9B178DB7A00067522B /* InfoPlist.strings */; };
		0EF8DD9F178DB7A00067522B /* main.mm in Sources */ = {isa = PBXBuildFile; fileRef = 0EF8DD9E178DB7A00067522B /* main.mm */; };
		0EF8DDA3178DB7A00067522B /* AppDelegate.mm in Sources */ = {isa = PBXBuildFile; fileRef = 0EF8DDA2178DB7A00067522B /* AppDelegate.mm */; };
		0EF8DDA5178DB7A00067522B /* Default.png in Resources */ = {isa = PBXBuildFile; fileRef = 0EF8DDA4178DB7A00067522B /* Default.png */; };
		0EF8DDA7178DB7A00067522B /* Default@2x.png in Resources */ = {isa = PBXBuildFile; fileRef = 0EF8DDA6178DB7A00067522B /* Default@2x.png */; };
		0EF8DDA9178DB7A00067522B /* Default-568h@2x.png in Resources */ = {isa = PBXBuildFile; fileRef = 0EF8DDA8178DB7A00067522B /* Default-568h@2x.png */; };
		0EF8DDAC178DB7A00067522B /* ViewController.m in Sources */ = {isa = PBXBuildFile; fileRef = 0EF8DDAB178DB7A00067522B /* ViewController.m */; };
		0EF8DDAF178DB7A00067522B /* ViewController_iPhone.xib in Resources */ = {isa = PBXBuildFile; fileRef = 0EF8DDAD178DB7A00067522B /* ViewController_iPhone.xib */; };
		0EF8DDB2178DB7A00067522B /* ViewController_iPad.xib in Resources */ = {isa = PBXBuildFile; fileRef = 0EF8DDB0178DB7A00067522B /* ViewController_iPad.xib */; };
		0EF8DDBA178DB7A10067522B /* SenTestingKit.framework in Frameworks */ = {isa = PBXBuildFile; fileRef = 0EF8DDB9178DB7A10067522B /* SenTestingKit.framework */; };
		0EF8DDBB178DB7A10067522B /* UIKit.framework in Frameworks */ = {isa = PBXBuildFile; fileRef = 0EF8DD92178DB7A00067522B /* UIKit.framework */; };
		0EF8DDBC178DB7A10067522B /* Foundation.framework in Frameworks */ = {isa = PBXBuildFile; fileRef = 0EF8DD94178DB7A00067522B /* Foundation.framework */; };
		0EF8DDC4178DB7A10067522B /* InfoPlist.strings in Resources */ = {isa = PBXBuildFile; fileRef = 0EF8DDC2178DB7A10067522B /* InfoPlist.strings */; };
		0EF8DDC7178DB7A10067522B /* MikuMikuPartyTests.m in Sources */ = {isa = PBXBuildFile; fileRef = 0EF8DDC6178DB7A10067522B /* MikuMikuPartyTests.m */; };
/* End PBXBuildFile section */

/* Begin PBXContainerItemProxy section */
		0EF8DDBD178DB7A10067522B /* PBXContainerItemProxy */ = {
			isa = PBXContainerItemProxy;
			containerPortal = 0EF8DD87178DB7A00067522B /* Project object */;
			proxyType = 1;
			remoteGlobalIDString = 0EF8DD8E178DB7A00067522B;
			remoteInfo = MikuMikuParty;
		};
/* End PBXContainerItemProxy section */

/* Begin PBXFileReference section */
		0E82C773178DBBC200E9E0A5 /* EAGLView.h */ = {isa = PBXFileReference; fileEncoding = 4; lastKnownFileType = sourcecode.c.h; name = EAGLView.h; path = ESRenderer/EAGLView.h; sourceTree = "<group>"; };
		0E82C774178DBBC200E9E0A5 /* EAGLView.mm */ = {isa = PBXFileReference; fileEncoding = 4; lastKnownFileType = sourcecode.cpp.objcpp; name = EAGLView.mm; path = ESRenderer/EAGLView.mm; sourceTree = "<group>"; };
		0E82C775178DBBC200E9E0A5 /* ES2Renderer.h */ = {isa = PBXFileReference; fileEncoding = 4; lastKnownFileType = sourcecode.c.h; name = ES2Renderer.h; path = ESRenderer/ES2Renderer.h; sourceTree = "<group>"; };
		0E82C776178DBBC200E9E0A5 /* ES2Renderer.mm */ = {isa = PBXFileReference; fileEncoding = 4; lastKnownFileType = sourcecode.cpp.objcpp; name = ES2Renderer.mm; path = ESRenderer/ES2Renderer.mm; sourceTree = "<group>"; };
		0E82C777178DBBC200E9E0A5 /* ESRenderer.h */ = {isa = PBXFileReference; fileEncoding = 4; lastKnownFileType = sourcecode.c.h; name = ESRenderer.h; path = ESRenderer/ESRenderer.h; sourceTree = "<group>"; };
		0E82C77B178DBBCF00E9E0A5 /* pmdReader.h */ = {isa = PBXFileReference; fileEncoding = 4; lastKnownFileType = sourcecode.c.h; name = pmdReader.h; path = pmd/pmdReader.h; sourceTree = "<group>"; };
		0E82C77C178DBBCF00E9E0A5 /* pmdReader.mm */ = {isa = PBXFileReference; fileEncoding = 4; lastKnownFileType = sourcecode.cpp.objcpp; name = pmdReader.mm; path = pmd/pmdReader.mm; sourceTree = "<group>"; };
		0E82C77D178DBBCF00E9E0A5 /* pmdRenderer.h */ = {isa = PBXFileReference; explicitFileType = sourcecode.cpp.h; fileEncoding = 4; name = pmdRenderer.h; path = pmd/pmdRenderer.h; sourceTree = "<group>"; };
		0E82C77E178DBBCF00E9E0A5 /* pmdRenderer.mm */ = {isa = PBXFileReference; fileEncoding = 4; lastKnownFileType = sourcecode.cpp.objcpp; name = pmdRenderer.mm; path = pmd/pmdRenderer.mm; sourceTree = "<group>"; };
		0E82C782178DBBDF00E9E0A5 /* PVRTContext.h */ = {isa = PBXFileReference; fileEncoding = 4; lastKnownFileType = sourcecode.c.h; name = PVRTContext.h; path = PVR/PVRTContext.h; sourceTree = "<group>"; };
		0E82C783178DBBDF00E9E0A5 /* PVRTexture.h */ = {isa = PBXFileReference; fileEncoding = 4; lastKnownFileType = sourcecode.c.h; name = PVRTexture.h; path = PVR/PVRTexture.h; sourceTree = "<group>"; };
		0E82C784178DBBDF00E9E0A5 /* PVRTexture.m */ = {isa = PBXFileReference; fileEncoding = 4; lastKnownFileType = sourcecode.c.objc; name = PVRTexture.m; path = PVR/PVRTexture.m; sourceTree = "<group>"; };
		0E82C785178DBBDF00E9E0A5 /* PVRTFixedPoint.h */ = {isa = PBXFileReference; fileEncoding = 4; lastKnownFileType = sourcecode.c.h; name = PVRTFixedPoint.h; path = PVR/PVRTFixedPoint.h; sourceTree = "<group>"; };
		0E82C786178DBBDF00E9E0A5 /* PVRTGlobal.h */ = {isa = PBXFileReference; fileEncoding = 4; lastKnownFileType = sourcecode.c.h; name = PVRTGlobal.h; path = PVR/PVRTGlobal.h; sourceTree = "<group>"; };
		0E82C787178DBBDF00E9E0A5 /* PVRTMathTable.h */ = {isa = PBXFileReference; explicitFileType = sourcecode.cpp.h; fileEncoding = 4; name = PVRTMathTable.h; path = PVR/PVRTMathTable.h; sourceTree = "<group>"; };
		0E82C788178DBBDF00E9E0A5 /* PVRTMatrix.h */ = {isa = PBXFileReference; fileEncoding = 4; lastKnownFileType = sourcecode.c.h; name = PVRTMatrix.h; path = PVR/PVRTMatrix.h; sourceTree = "<group>"; };
		0E82C789178DBBDF00E9E0A5 /* PVRTMatrixF.cpp */ = {isa = PBXFileReference; fileEncoding = 4; lastKnownFileType = sourcecode.cpp.cpp; name = PVRTMatrixF.cpp; path = PVR/PVRTMatrixF.cpp; sourceTree = "<group>"; };
		0E82C78A178DBBDF00E9E0A5 /* PVRTQuaternion.h */ = {isa = PBXFileReference; fileEncoding = 4; lastKnownFileType = sourcecode.c.h; name = PVRTQuaternion.h; path = PVR/PVRTQuaternion.h; sourceTree = "<group>"; };
		0E82C78B178DBBDF00E9E0A5 /* PVRTQuaternionF.cpp */ = {isa = PBXFileReference; fileEncoding = 4; lastKnownFileType = sourcecode.cpp.cpp; name = PVRTQuaternionF.cpp; path = PVR/PVRTQuaternionF.cpp; sourceTree = "<group>"; };
		0E82C78C178DBBDF00E9E0A5 /* PVRTQuaternionX.cpp */ = {isa = PBXFileReference; fileEncoding = 4; lastKnownFileType = sourcecode.cpp.cpp; name = PVRTQuaternionX.cpp; path = PVR/PVRTQuaternionX.cpp; sourceTree = "<group>"; };
		0E82C78D178DBBDF00E9E0A5 /* PVRTVector.cpp */ = {isa = PBXFileReference; fileEncoding = 4; lastKnownFileType = sourcecode.cpp.cpp; name = PVRTVector.cpp; path = PVR/PVRTVector.cpp; sourceTree = "<group>"; };
		0E82C78E178DBBDF00E9E0A5 /* PVRTVector.h */ = {isa = PBXFileReference; fileEncoding = 4; lastKnownFileType = sourcecode.c.h; name = PVRTVector.h; path = PVR/PVRTVector.h; sourceTree = "<group>"; };
		0E82C78F178DBBDF00E9E0A5 /* Texture2D.h */ = {isa = PBXFileReference; fileEncoding = 4; lastKnownFileType = sourcecode.c.h; name = Texture2D.h; path = PVR/Texture2D.h; sourceTree = "<group>"; };
		0E82C790178DBBDF00E9E0A5 /* Texture2D.m */ = {isa = PBXFileReference; fileEncoding = 4; lastKnownFileType = sourcecode.c.objc; name = Texture2D.m; path = PVR/Texture2D.m; sourceTree = "<group>"; };
		0E82C798178DBBF000E9E0A5 /* SGXSkininngEvaluator.h */ = {isa = PBXFileReference; fileEncoding = 4; lastKnownFileType = sourcecode.c.h; name = SGXSkininngEvaluator.h; path = SGXSkininngEvaluator/SGXSkininngEvaluator.h; sourceTree = "<group>"; };
		0E82C799178DBBF000E9E0A5 /* SGXSkininngEvaluator.mm */ = {isa = PBXFileReference; fileEncoding = 4; lastKnownFileType = sourcecode.cpp.objcpp; name = SGXSkininngEvaluator.mm; path = SGXSkininngEvaluator/SGXSkininngEvaluator.mm; sourceTree = "<group>"; };
		0E82C79C178DBC1000E9E0A5 /* vmdMotionProvider.h */ = {isa = PBXFileReference; fileEncoding = 4; lastKnownFileType = sourcecode.c.h; name = vmdMotionProvider.h; path = vmd/vmdMotionProvider.h; sourceTree = "<group>"; };
		0E82C79D178DBC1000E9E0A5 /* vmdMotionProvider.mm */ = {isa = PBXFileReference; fileEncoding = 4; lastKnownFileType = sourcecode.cpp.objcpp; name = vmdMotionProvider.mm; path = vmd/vmdMotionProvider.mm; sourceTree = "<group>"; };
		0E82C79E178DBC1000E9E0A5 /* vmdMotonProviderIK.mm */ = {isa = PBXFileReference; fileEncoding = 4; lastKnownFileType = sourcecode.cpp.objcpp; name = vmdMotonProviderIK.mm; path = vmd/vmdMotonProviderIK.mm; sourceTree = "<group>"; };
		0E82C79F178DBC1000E9E0A5 /* vmdMotonProviderSkinAnimation.mm */ = {isa = PBXFileReference; fileEncoding = 4; lastKnownFileType = sourcecode.cpp.objcpp; name = vmdMotonProviderSkinAnimation.mm; path = vmd/vmdMotonProviderSkinAnimation.mm; sourceTree = "<group>"; };
		0E82C7A0178DBC1000E9E0A5 /* vmdReader.h */ = {isa = PBXFileReference; fileEncoding = 4; lastKnownFileType = sourcecode.c.h; name = vmdReader.h; path = vmd/vmdReader.h; sourceTree = "<group>"; };
		0E82C7A1178DBC1000E9E0A5 /* vmdReader.mm */ = {isa = PBXFileReference; fileEncoding = 4; lastKnownFileType = sourcecode.cpp.objcpp; name = vmdReader.mm; path = vmd/vmdReader.mm; sourceTree = "<group>"; };
		0E82C7A6178DBD5800E9E0A5 /* Shader.fsh */ = {isa = PBXFileReference; fileEncoding = 4; lastKnownFileType = sourcecode.glsl; name = Shader.fsh; path = Shaders/Shader.fsh; sourceTree = "<group>"; };
		0E82C7A7178DBD5800E9E0A5 /* Shader.vsh */ = {isa = PBXFileReference; fileEncoding = 4; lastKnownFileType = sourcecode.glsl; name = Shader.vsh; path = Shaders/Shader.vsh; sourceTree = "<group>"; };
		0E82C7A8178DBD5800E9E0A5 /* ShaderPlain.fsh */ = {isa = PBXFileReference; fileEncoding = 4; lastKnownFileType = sourcecode.glsl; name = ShaderPlain.fsh; path = Shaders/ShaderPlain.fsh; sourceTree = "<group>"; };
		0E82C7A9178DBD5800E9E0A5 /* ShaderPlain.vsh */ = {isa = PBXFileReference; fileEncoding = 4; lastKnownFileType = sourcecode.glsl; name = ShaderPlain.vsh; path = Shaders/ShaderPlain.vsh; sourceTree = "<group>"; };
		0E82C7AA178DBD5800E9E0A5 /* ShaderPlainSkin.fsh */ = {isa = PBXFileReference; fileEncoding = 4; lastKnownFileType = sourcecode.glsl; name = ShaderPlainSkin.fsh; path = Shaders/ShaderPlainSkin.fsh; sourceTree = "<group>"; };
		0E82C7AB178DBD5800E9E0A5 /* ShaderPlainSkin.vsh */ = {isa = PBXFileReference; fileEncoding = 4; lastKnownFileType = sourcecode.glsl; name = ShaderPlainSkin.vsh; path = Shaders/ShaderPlainSkin.vsh; sourceTree = "<group>"; };
		0E82C7AC178DBD5800E9E0A5 /* ShaderPlainTex.fsh */ = {isa = PBXFileReference; fileEncoding = 4; lastKnownFileType = sourcecode.glsl; name = ShaderPlainTex.fsh; path = Shaders/ShaderPlainTex.fsh; sourceTree = "<group>"; };
		0E82C7AD178DBD5800E9E0A5 /* ShaderPlainTex.vsh */ = {isa = PBXFileReference; fileEncoding = 4; lastKnownFileType = sourcecode.glsl; name = ShaderPlainTex.vsh; path = Shaders/ShaderPlainTex.vsh; sourceTree = "<group>"; };
		0E82C7B6178DBD8700E9E0A5 /* QuartzCore.framework */ = {isa = PBXFileReference; lastKnownFileType = wrapper.framework; name = QuartzCore.framework; path = System/Library/Frameworks/QuartzCore.framework; sourceTree = SDKROOT; };
		0E82C7B8178DBD8F00E9E0A5 /* OpenGLES.framework */ = {isa = PBXFileReference; lastKnownFileType = wrapper.framework; name = OpenGLES.framework; path = System/Library/Frameworks/OpenGLES.framework; sourceTree = SDKROOT; };
		0E91688417912837001FD3A6 /* MikuMikuConnection.h */ = {isa = PBXFileReference; fileEncoding = 4; lastKnownFileType = sourcecode.c.h; name = MikuMikuConnection.h; path = Utilities/MikuMikuConnection/MikuMikuConnection.h; sourceTree = "<group>"; };
		0E91688517912837001FD3A6 /* MikuMikuConnection.m */ = {isa = PBXFileReference; fileEncoding = 4; lastKnownFileType = sourcecode.c.objc; name = MikuMikuConnection.m; path = Utilities/MikuMikuConnection/MikuMikuConnection.m; sourceTree = "<group>"; };
		0E91688A17912873001FD3A6 /* MikuMikuRequest.h */ = {isa = PBXFileReference; fileEncoding = 4; lastKnownFileType = sourcecode.c.h; name = MikuMikuRequest.h; path = Utilities/MikuMikuConnection/MikuMikuRequest.h; sourceTree = "<group>"; };
		0E91688B17912873001FD3A6 /* MikuMikuRequest.m */ = {isa = PBXFileReference; fileEncoding = 4; lastKnownFileType = sourcecode.c.objc; name = MikuMikuRequest.m; path = Utilities/MikuMikuConnection/MikuMikuRequest.m; sourceTree = "<group>"; };
		0E91688F17912A48001FD3A6 /* WindowLocker.h */ = {isa = PBXFileReference; fileEncoding = 4; lastKnownFileType = sourcecode.c.h; name = WindowLocker.h; path = Utilities/WindowLocker/WindowLocker.h; sourceTree = "<group>"; };
		0E91689017912A48001FD3A6 /* WindowLocker.m */ = {isa = PBXFileReference; fileEncoding = 4; lastKnownFileType = sourcecode.c.objc; name = WindowLocker.m; path = Utilities/WindowLocker/WindowLocker.m; sourceTree = "<group>"; };
		0E91689217912A78001FD3A6 /* WindowLocker+MikuMikuConnection.h */ = {isa = PBXFileReference; fileEncoding = 4; lastKnownFileType = sourcecode.c.h; name = "WindowLocker+MikuMikuConnection.h"; path = "Utilities/WindowLocker/WindowLocker+MikuMikuConnection.h"; sourceTree = "<group>"; };
		0E91689317912A78001FD3A6 /* WindowLocker+MikuMikuConnection.m */ = {isa = PBXFileReference; fileEncoding = 4; lastKnownFileType = sourcecode.c.objc; name = "WindowLocker+MikuMikuConnection.m"; path = "Utilities/WindowLocker/WindowLocker+MikuMikuConnection.m"; sourceTree = "<group>"; };
		0E91689517912B4D001FD3A6 /* MikuMikuResponse.h */ = {isa = PBXFileReference; fileEncoding = 4; lastKnownFileType = sourcecode.c.h; name = MikuMikuResponse.h; path = Utilities/MikuMikuConnection/MikuMikuResponse.h; sourceTree = "<group>"; };
		0E91689617912B4D001FD3A6 /* MikuMikuResponse.m */ = {isa = PBXFileReference; fileEncoding = 4; lastKnownFileType = sourcecode.c.objc; name = MikuMikuResponse.m; path = Utilities/MikuMikuConnection/MikuMikuResponse.m; sourceTree = "<group>"; };
		0E91689817912B66001FD3A6 /* MikuMikuError.h */ = {isa = PBXFileReference; fileEncoding = 4; lastKnownFileType = sourcecode.c.h; name = MikuMikuError.h; path = Utilities/MikuMikuConnection/MikuMikuError.h; sourceTree = "<group>"; };
		0E91689917912B66001FD3A6 /* MikuMikuError.m */ = {isa = PBXFileReference; fileEncoding = 4; lastKnownFileType = sourcecode.c.objc; name = MikuMikuError.m; path = Utilities/MikuMikuConnection/MikuMikuError.m; sourceTree = "<group>"; };
		0E91689B17912F43001FD3A6 /* MikuMikuRequestPerformer.h */ = {isa = PBXFileReference; fileEncoding = 4; lastKnownFileType = sourcecode.c.h; name = MikuMikuRequestPerformer.h; path = Utilities/MikuMikuConnection/MikuMikuRequestPerformer.h; sourceTree = "<group>"; };
		0E91689C17912F43001FD3A6 /* MikuMikuRequestPerformer.m */ = {isa = PBXFileReference; fileEncoding = 4; lastKnownFileType = sourcecode.c.objc; name = MikuMikuRequestPerformer.m; path = Utilities/MikuMikuConnection/MikuMikuRequestPerformer.m; sourceTree = "<group>"; };
		0EAAC65717914263008EAE4F /* MikuMikuErrorDescriptions.plist */ = {isa = PBXFileReference; fileEncoding = 4; lastKnownFileType = text.plist.xml; name = MikuMikuErrorDescriptions.plist; path = Utilities/MikuMikuConnection/MikuMikuErrorDescriptions.plist; sourceTree = "<group>"; };
		0EAAC65C1791973B008EAE4F /* MikuMikuConnectionServer.h */ = {isa = PBXFileReference; fileEncoding = 4; lastKnownFileType = sourcecode.c.h; name = MikuMikuConnectionServer.h; path = Utilities/MikuMikuConnection/MikuMikuConnectionServer.h; sourceTree = "<group>"; };
		0EAAC65D1791973B008EAE4F /* MikuMikuConnectionServer.m */ = {isa = PBXFileReference; fileEncoding = 4; lastKnownFileType = sourcecode.c.objc; name = MikuMikuConnectionServer.m; path = Utilities/MikuMikuConnection/MikuMikuConnectionServer.m; sourceTree = "<group>"; };
		0EAAC6611791A132008EAE4F /* MikuMikuConnectionServers.plist */ = {isa = PBXFileReference; fileEncoding = 4; lastKnownFileType = text.plist.xml; name = MikuMikuConnectionServers.plist; path = Utilities/MikuMikuConnection/MikuMikuConnectionServers.plist; sourceTree = "<group>"; };
		0EB7E4B21792D002009F2FFF /* MMDHubItemTableView.h */ = {isa = PBXFileReference; fileEncoding = 4; lastKnownFileType = sourcecode.c.h; name = MMDHubItemTableView.h; path = Contents/MMDHub/MMDHubItemTableView.h; sourceTree = "<group>"; };
		0EB7E4B31792D002009F2FFF /* MMDHubItemTableView.m */ = {isa = PBXFileReference; fileEncoding = 4; lastKnownFileType = sourcecode.c.objc; name = MMDHubItemTableView.m; path = Contents/MMDHub/MMDHubItemTableView.m; sourceTree = "<group>"; };
		0EB7E4B41792D002009F2FFF /* MMDHubViewController.h */ = {isa = PBXFileReference; fileEncoding = 4; lastKnownFileType = sourcecode.c.h; name = MMDHubViewController.h; path = Contents/MMDHub/MMDHubViewController.h; sourceTree = "<group>"; };
		0EB7E4B51792D002009F2FFF /* MMDHubViewController.m */ = {isa = PBXFileReference; fileEncoding = 4; lastKnownFileType = sourcecode.c.objc; name = MMDHubViewController.m; path = Contents/MMDHub/MMDHubViewController.m; sourceTree = "<group>"; };
		0EB7E4B61792D002009F2FFF /* MMDHubViewController.xib */ = {isa = PBXFileReference; fileEncoding = 4; lastKnownFileType = file.xib; name = MMDHubViewController.xib; path = Contents/MMDHub/MMDHubViewController.xib; sourceTree = "<group>"; };
		0EB7E4C31792D2BE009F2FFF /* DownloadsViewController.h */ = {isa = PBXFileReference; fileEncoding = 4; lastKnownFileType = sourcecode.c.h; name = DownloadsViewController.h; path = Contents/Downloads/DownloadsViewController.h; sourceTree = "<group>"; };
		0EB7E4C41792D2BE009F2FFF /* DownloadsViewController.m */ = {isa = PBXFileReference; fileEncoding = 4; lastKnownFileType = sourcecode.c.objc; name = DownloadsViewController.m; path = Contents/Downloads/DownloadsViewController.m; sourceTree = "<group>"; };
		0EB7E4C51792D2BE009F2FFF /* DownloadsViewController.xib */ = {isa = PBXFileReference; fileEncoding = 4; lastKnownFileType = file.xib; name = DownloadsViewController.xib; path = Contents/Downloads/DownloadsViewController.xib; sourceTree = "<group>"; };
		0EB7E4C91792D372009F2FFF /* PartyViewController.h */ = {isa = PBXFileReference; fileEncoding = 4; lastKnownFileType = sourcecode.c.h; name = PartyViewController.h; path = Contents/Party/PartyViewController.h; sourceTree = "<group>"; };
		0EB7E4CA1792D372009F2FFF /* PartyViewController.m */ = {isa = PBXFileReference; fileEncoding = 4; lastKnownFileType = sourcecode.c.objc; name = PartyViewController.m; path = Contents/Party/PartyViewController.m; sourceTree = "<group>"; };
		0EB7E4CB1792D372009F2FFF /* PartyViewController.xib */ = {isa = PBXFileReference; fileEncoding = 4; lastKnownFileType = file.xib; name = PartyViewController.xib; path = Contents/Party/PartyViewController.xib; sourceTree = "<group>"; };
		0EB7E4CE179308D0009F2FFF /* ItemDetailViewController.h */ = {isa = PBXFileReference; fileEncoding = 4; lastKnownFileType = sourcecode.c.h; name = ItemDetailViewController.h; path = Contents/MMDHub/ItemDetailViewController.h; sourceTree = "<group>"; };
		0EB7E4CF179308D0009F2FFF /* ItemDetailViewController.m */ = {isa = PBXFileReference; fileEncoding = 4; lastKnownFileType = sourcecode.c.objc; name = ItemDetailViewController.m; path = Contents/MMDHub/ItemDetailViewController.m; sourceTree = "<group>"; };
		0EB7E4D0179308D0009F2FFF /* ItemDetailViewController.xib */ = {isa = PBXFileReference; fileEncoding = 4; lastKnownFileType = file.xib; name = ItemDetailViewController.xib; path = Contents/MMDHub/ItemDetailViewController.xib; sourceTree = "<group>"; };
		0EB7E4D417930CDC009F2FFF /* MMDHubItem.h */ = {isa = PBXFileReference; fileEncoding = 4; lastKnownFileType = sourcecode.c.h; name = MMDHubItem.h; path = Contents/MMDHub/MMDHubItem/MMDHubItem.h; sourceTree = "<group>"; };
		0EB7E4D517930CDC009F2FFF /* MMDHubItem.m */ = {isa = PBXFileReference; fileEncoding = 4; lastKnownFileType = sourcecode.c.objc; name = MMDHubItem.m; path = Contents/MMDHub/MMDHubItem/MMDHubItem.m; sourceTree = "<group>"; };
		0EB7E4D717930CFF009F2FFF /* MMDHubItemCollection.h */ = {isa = PBXFileReference; fileEncoding = 4; lastKnownFileType = sourcecode.c.h; name = MMDHubItemCollection.h; path = Contents/MMDHub/MMDHubItem/MMDHubItemCollection.h; sourceTree = "<group>"; };
		0EB7E4D817930CFF009F2FFF /* MMDHubItemCollection.m */ = {isa = PBXFileReference; fileEncoding = 4; lastKnownFileType = sourcecode.c.objc; name = MMDHubItemCollection.m; path = Contents/MMDHub/MMDHubItem/MMDHubItemCollection.m; sourceTree = "<group>"; };
		0EB7E4DB1795A0EF009F2FFF /* DownloadController.h */ = {isa = PBXFileReference; fileEncoding = 4; lastKnownFileType = sourcecode.c.h; name = DownloadController.h; path = DownloadController/DownloadController.h; sourceTree = "<group>"; };
		0EB7E4DC1795A0EF009F2FFF /* DownloadController.m */ = {isa = PBXFileReference; fileEncoding = 4; lastKnownFileType = sourcecode.c.objc; name = DownloadController.m; path = DownloadController/DownloadController.m; sourceTree = "<group>"; };
		0EB7E4DF1795A768009F2FFF /* MikuMikuDownloader.h */ = {isa = PBXFileReference; fileEncoding = 4; lastKnownFileType = sourcecode.c.h; name = MikuMikuDownloader.h; path = Utilities/MikuMikuDownloader/MikuMikuDownloader.h; sourceTree = "<group>"; };
		0EB7E4E01795A768009F2FFF /* MikuMikuDownloader.m */ = {isa = PBXFileReference; fileEncoding = 4; lastKnownFileType = sourcecode.c.objc; name = MikuMikuDownloader.m; path = Utilities/MikuMikuDownloader/MikuMikuDownloader.m; sourceTree = "<group>"; };
		0EB7E4E31795B30E009F2FFF /* ZipArchive.h */ = {isa = PBXFileReference; fileEncoding = 4; lastKnownFileType = sourcecode.c.h; name = ZipArchive.h; path = Utilities/ZipArchive/ZipArchive.h; sourceTree = "<group>"; };
		0EB7E4E41795B30E009F2FFF /* ZipArchive.mm */ = {isa = PBXFileReference; fileEncoding = 4; lastKnownFileType = sourcecode.cpp.objcpp; name = ZipArchive.mm; path = Utilities/ZipArchive/ZipArchive.mm; sourceTree = "<group>"; };
		0EB7E4E71795B331009F2FFF /* crypt.h */ = {isa = PBXFileReference; fileEncoding = 4; lastKnownFileType = sourcecode.c.h; name = crypt.h; path = Utilities/ZipArchive/minizip/crypt.h; sourceTree = "<group>"; };
		0EB7E4E81795B331009F2FFF /* ioapi.c */ = {isa = PBXFileReference; fileEncoding = 4; lastKnownFileType = sourcecode.c.c; name = ioapi.c; path = Utilities/ZipArchive/minizip/ioapi.c; sourceTree = "<group>"; };
		0EB7E4E91795B331009F2FFF /* ioapi.h */ = {isa = PBXFileReference; fileEncoding = 4; lastKnownFileType = sourcecode.c.h; name = ioapi.h; path = Utilities/ZipArchive/minizip/ioapi.h; sourceTree = "<group>"; };
		0EB7E4EA1795B331009F2FFF /* mztools.c */ = {isa = PBXFileReference; fileEncoding = 4; lastKnownFileType = sourcecode.c.c; name = mztools.c; path = Utilities/ZipArchive/minizip/mztools.c; sourceTree = "<group>"; };
		0EB7E4EB1795B331009F2FFF /* mztools.h */ = {isa = PBXFileReference; fileEncoding = 4; lastKnownFileType = sourcecode.c.h; name = mztools.h; path = Utilities/ZipArchive/minizip/mztools.h; sourceTree = "<group>"; };
		0EB7E4EC1795B331009F2FFF /* unzip.c */ = {isa = PBXFileReference; fileEncoding = 4; lastKnownFileType = sourcecode.c.c; name = unzip.c; path = Utilities/ZipArchive/minizip/unzip.c; sourceTree = "<group>"; };
		0EB7E4ED1795B331009F2FFF /* unzip.h */ = {isa = PBXFileReference; fileEncoding = 4; lastKnownFileType = sourcecode.c.h; name = unzip.h; path = Utilities/ZipArchive/minizip/unzip.h; sourceTree = "<group>"; };
		0EB7E4EE1795B331009F2FFF /* zip.c */ = {isa = PBXFileReference; fileEncoding = 4; lastKnownFileType = sourcecode.c.c; name = zip.c; path = Utilities/ZipArchive/minizip/zip.c; sourceTree = "<group>"; };
		0EB7E4EF1795B331009F2FFF /* zip.h */ = {isa = PBXFileReference; fileEncoding = 4; lastKnownFileType = sourcecode.c.h; name = zip.h; path = Utilities/ZipArchive/minizip/zip.h; sourceTree = "<group>"; };
		0EB7E4F41795B38D009F2FFF /* libz.1.2.5.dylib */ = {isa = PBXFileReference; lastKnownFileType = "compiled.mach-o.dylib"; name = libz.1.2.5.dylib; path = usr/lib/libz.1.2.5.dylib; sourceTree = SDKROOT; };
		0EB7E4F6179827C4009F2FFF /* ItemSelectViewController.h */ = {isa = PBXFileReference; fileEncoding = 4; lastKnownFileType = sourcecode.c.h; name = ItemSelectViewController.h; path = Contents/Party/ItemSelectViewController.h; sourceTree = "<group>"; };
		0EB7E4F7179827C4009F2FFF /* ItemSelectViewController.m */ = {isa = PBXFileReference; fileEncoding = 4; lastKnownFileType = sourcecode.c.objc; name = ItemSelectViewController.m; path = Contents/Party/ItemSelectViewController.m; sourceTree = "<group>"; };
		0EB7E4FA17997D93009F2FFF /* NSString+Charset.h */ = {isa = PBXFileReference; fileEncoding = 4; lastKnownFileType = sourcecode.c.h; name = "NSString+Charset.h"; path = "Utilities/NSString+Charset/NSString+Charset.h"; sourceTree = "<group>"; };
		0EB7E4FB17997D93009F2FFF /* NSString+Charset.m */ = {isa = PBXFileReference; fileEncoding = 4; lastKnownFileType = sourcecode.c.objc; name = "NSString+Charset.m"; path = "Utilities/NSString+Charset/NSString+Charset.m"; sourceTree = "<group>"; };
		0EB7E4FE1799A99B009F2FFF /* pmxReader.mm */ = {isa = PBXFileReference; fileEncoding = 4; lastKnownFileType = sourcecode.cpp.objcpp; name = pmxReader.mm; path = pmx/pmxReader.mm; sourceTree = "<group>"; };
		0EB7E4FF1799A99B009F2FFF /* pmxReader.h */ = {isa = PBXFileReference; fileEncoding = 4; lastKnownFileType = sourcecode.c.h; name = pmxReader.h; path = pmx/pmxReader.h; sourceTree = "<group>"; };
		0EF8DD8F178DB7A00067522B /* MikuMikuParty.app */ = {isa = PBXFileReference; explicitFileType = wrapper.application; includeInIndex = 0; path = MikuMikuParty.app; sourceTree = BUILT_PRODUCTS_DIR; };
		0EF8DD92178DB7A00067522B /* UIKit.framework */ = {isa = PBXFileReference; lastKnownFileType = wrapper.framework; name = UIKit.framework; path = System/Library/Frameworks/UIKit.framework; sourceTree = SDKROOT; };
		0EF8DD94178DB7A00067522B /* Foundation.framework */ = {isa = PBXFileReference; lastKnownFileType = wrapper.framework; name = Foundation.framework; path = System/Library/Frameworks/Foundation.framework; sourceTree = SDKROOT; };
		0EF8DD96178DB7A00067522B /* CoreGraphics.framework */ = {isa = PBXFileReference; lastKnownFileType = wrapper.framework; name = CoreGraphics.framework; path = System/Library/Frameworks/CoreGraphics.framework; sourceTree = SDKROOT; };
		0EF8DD9A178DB7A00067522B /* MikuMikuParty-Info.plist */ = {isa = PBXFileReference; lastKnownFileType = text.plist.xml; path = "MikuMikuParty-Info.plist"; sourceTree = "<group>"; };
		0EF8DD9C178DB7A00067522B /* en */ = {isa = PBXFileReference; lastKnownFileType = text.plist.strings; name = en; path = en.lproj/InfoPlist.strings; sourceTree = "<group>"; };
		0EF8DD9E178DB7A00067522B /* main.mm */ = {isa = PBXFileReference; lastKnownFileType = sourcecode.cpp.objcpp; path = main.mm; sourceTree = "<group>"; };
		0EF8DDA0178DB7A00067522B /* MikuMikuParty-Prefix.pch */ = {isa = PBXFileReference; lastKnownFileType = sourcecode.c.h; path = "MikuMikuParty-Prefix.pch"; sourceTree = "<group>"; };
		0EF8DDA1178DB7A00067522B /* AppDelegate.h */ = {isa = PBXFileReference; lastKnownFileType = sourcecode.c.h; path = AppDelegate.h; sourceTree = "<group>"; };
		0EF8DDA2178DB7A00067522B /* AppDelegate.mm */ = {isa = PBXFileReference; lastKnownFileType = sourcecode.cpp.objcpp; path = AppDelegate.mm; sourceTree = "<group>"; };
		0EF8DDA4178DB7A00067522B /* Default.png */ = {isa = PBXFileReference; lastKnownFileType = image.png; path = Default.png; sourceTree = "<group>"; };
		0EF8DDA6178DB7A00067522B /* Default@2x.png */ = {isa = PBXFileReference; lastKnownFileType = image.png; path = "Default@2x.png"; sourceTree = "<group>"; };
		0EF8DDA8178DB7A00067522B /* Default-568h@2x.png */ = {isa = PBXFileReference; lastKnownFileType = image.png; path = "Default-568h@2x.png"; sourceTree = "<group>"; };
		0EF8DDAA178DB7A00067522B /* ViewController.h */ = {isa = PBXFileReference; lastKnownFileType = sourcecode.c.h; path = ViewController.h; sourceTree = "<group>"; };
		0EF8DDAB178DB7A00067522B /* ViewController.m */ = {isa = PBXFileReference; lastKnownFileType = sourcecode.c.objc; path = ViewController.m; sourceTree = "<group>"; };
		0EF8DDAE178DB7A00067522B /* en */ = {isa = PBXFileReference; lastKnownFileType = file.xib; name = en; path = en.lproj/ViewController_iPhone.xib; sourceTree = "<group>"; };
		0EF8DDB1178DB7A00067522B /* en */ = {isa = PBXFileReference; lastKnownFileType = file.xib; name = en; path = en.lproj/ViewController_iPad.xib; sourceTree = "<group>"; };
		0EF8DDB8178DB7A10067522B /* MikuMikuPartyTests.octest */ = {isa = PBXFileReference; explicitFileType = wrapper.cfbundle; includeInIndex = 0; path = MikuMikuPartyTests.octest; sourceTree = BUILT_PRODUCTS_DIR; };
		0EF8DDB9178DB7A10067522B /* SenTestingKit.framework */ = {isa = PBXFileReference; lastKnownFileType = wrapper.framework; name = SenTestingKit.framework; path = Library/Frameworks/SenTestingKit.framework; sourceTree = DEVELOPER_DIR; };
		0EF8DDC1178DB7A10067522B /* MikuMikuPartyTests-Info.plist */ = {isa = PBXFileReference; lastKnownFileType = text.plist.xml; path = "MikuMikuPartyTests-Info.plist"; sourceTree = "<group>"; };
		0EF8DDC3178DB7A10067522B /* en */ = {isa = PBXFileReference; lastKnownFileType = text.plist.strings; name = en; path = en.lproj/InfoPlist.strings; sourceTree = "<group>"; };
		0EF8DDC5178DB7A10067522B /* MikuMikuPartyTests.h */ = {isa = PBXFileReference; lastKnownFileType = sourcecode.c.h; path = MikuMikuPartyTests.h; sourceTree = "<group>"; };
		0EF8DDC6178DB7A10067522B /* MikuMikuPartyTests.m */ = {isa = PBXFileReference; lastKnownFileType = sourcecode.c.objc; path = MikuMikuPartyTests.m; sourceTree = "<group>"; };
/* End PBXFileReference section */

/* Begin PBXFrameworksBuildPhase section */
		0EF8DD8C178DB7A00067522B /* Frameworks */ = {
			isa = PBXFrameworksBuildPhase;
			buildActionMask = 2147483647;
			files = (
				0EB7E4F51795B38E009F2FFF /* libz.1.2.5.dylib in Frameworks */,
				0E82C7B9178DBD8F00E9E0A5 /* OpenGLES.framework in Frameworks */,
				0E82C7B7178DBD8700E9E0A5 /* QuartzCore.framework in Frameworks */,
				0EF8DD93178DB7A00067522B /* UIKit.framework in Frameworks */,
				0EF8DD95178DB7A00067522B /* Foundation.framework in Frameworks */,
				0EF8DD97178DB7A00067522B /* CoreGraphics.framework in Frameworks */,
			);
			runOnlyForDeploymentPostprocessing = 0;
		};
		0EF8DDB4178DB7A10067522B /* Frameworks */ = {
			isa = PBXFrameworksBuildPhase;
			buildActionMask = 2147483647;
			files = (
				0EF8DDBA178DB7A10067522B /* SenTestingKit.framework in Frameworks */,
				0EF8DDBB178DB7A10067522B /* UIKit.framework in Frameworks */,
				0EF8DDBC178DB7A10067522B /* Foundation.framework in Frameworks */,
			);
			runOnlyForDeploymentPostprocessing = 0;
		};
/* End PBXFrameworksBuildPhase section */

/* Begin PBXGroup section */
		0E82C74C178DB96800E9E0A5 /* Utilities */ = {
			isa = PBXGroup;
			children = (
				0EB7E4F917997D6E009F2FFF /* NSString+Charset */,
				0EB7E4E21795B2E8009F2FFF /* ZipArchive */,
				0EB7E4DE1795A74F009F2FFF /* MikuMikuDownloader */,
				0E91688E17912A13001FD3A6 /* WindowLocker */,
				0E91688317912788001FD3A6 /* MikuMikuConnection */,
			);
			name = Utilities;
			sourceTree = "<group>";
		};
		0E82C76B178DBB6600E9E0A5 /* Shaders */ = {
			isa = PBXGroup;
			children = (
				0E82C7A6178DBD5800E9E0A5 /* Shader.fsh */,
				0E82C7A7178DBD5800E9E0A5 /* Shader.vsh */,
				0E82C7A8178DBD5800E9E0A5 /* ShaderPlain.fsh */,
				0E82C7A9178DBD5800E9E0A5 /* ShaderPlain.vsh */,
				0E82C7AA178DBD5800E9E0A5 /* ShaderPlainSkin.fsh */,
				0E82C7AB178DBD5800E9E0A5 /* ShaderPlainSkin.vsh */,
				0E82C7AC178DBD5800E9E0A5 /* ShaderPlainTex.fsh */,
				0E82C7AD178DBD5800E9E0A5 /* ShaderPlainTex.vsh */,
			);
			name = Shaders;
			sourceTree = "<group>";
		};
		0E82C772178DBBBB00E9E0A5 /* ESRenderer */ = {
			isa = PBXGroup;
			children = (
				0E82C773178DBBC200E9E0A5 /* EAGLView.h */,
				0E82C774178DBBC200E9E0A5 /* EAGLView.mm */,
				0E82C775178DBBC200E9E0A5 /* ES2Renderer.h */,
				0E82C776178DBBC200E9E0A5 /* ES2Renderer.mm */,
				0E82C777178DBBC200E9E0A5 /* ESRenderer.h */,
			);
			name = ESRenderer;
			sourceTree = "<group>";
		};
		0E82C77A178DBBC700E9E0A5 /* pmd */ = {
			isa = PBXGroup;
			children = (
				0E82C77B178DBBCF00E9E0A5 /* pmdReader.h */,
				0E82C77C178DBBCF00E9E0A5 /* pmdReader.mm */,
				0E82C77D178DBBCF00E9E0A5 /* pmdRenderer.h */,
				0E82C77E178DBBCF00E9E0A5 /* pmdRenderer.mm */,
			);
			name = pmd;
			sourceTree = "<group>";
		};
		0E82C781178DBBD300E9E0A5 /* PVR */ = {
			isa = PBXGroup;
			children = (
				0E82C782178DBBDF00E9E0A5 /* PVRTContext.h */,
				0E82C783178DBBDF00E9E0A5 /* PVRTexture.h */,
				0E82C784178DBBDF00E9E0A5 /* PVRTexture.m */,
				0E82C785178DBBDF00E9E0A5 /* PVRTFixedPoint.h */,
				0E82C786178DBBDF00E9E0A5 /* PVRTGlobal.h */,
				0E82C787178DBBDF00E9E0A5 /* PVRTMathTable.h */,
				0E82C788178DBBDF00E9E0A5 /* PVRTMatrix.h */,
				0E82C789178DBBDF00E9E0A5 /* PVRTMatrixF.cpp */,
				0E82C78A178DBBDF00E9E0A5 /* PVRTQuaternion.h */,
				0E82C78B178DBBDF00E9E0A5 /* PVRTQuaternionF.cpp */,
				0E82C78C178DBBDF00E9E0A5 /* PVRTQuaternionX.cpp */,
				0E82C78D178DBBDF00E9E0A5 /* PVRTVector.cpp */,
				0E82C78E178DBBDF00E9E0A5 /* PVRTVector.h */,
				0E82C78F178DBBDF00E9E0A5 /* Texture2D.h */,
				0E82C790178DBBDF00E9E0A5 /* Texture2D.m */,
			);
			name = PVR;
			sourceTree = "<group>";
		};
		0E82C797178DBBEA00E9E0A5 /* SGXSkininngEvaluator */ = {
			isa = PBXGroup;
			children = (
				0E82C798178DBBF000E9E0A5 /* SGXSkininngEvaluator.h */,
				0E82C799178DBBF000E9E0A5 /* SGXSkininngEvaluator.mm */,
			);
			name = SGXSkininngEvaluator;
			sourceTree = "<group>";
		};
		0E82C79B178DBC0A00E9E0A5 /* vmd */ = {
			isa = PBXGroup;
			children = (
				0E82C79C178DBC1000E9E0A5 /* vmdMotionProvider.h */,
				0E82C79D178DBC1000E9E0A5 /* vmdMotionProvider.mm */,
				0E82C79E178DBC1000E9E0A5 /* vmdMotonProviderIK.mm */,
				0E82C79F178DBC1000E9E0A5 /* vmdMotonProviderSkinAnimation.mm */,
				0E82C7A0178DBC1000E9E0A5 /* vmdReader.h */,
				0E82C7A1178DBC1000E9E0A5 /* vmdReader.mm */,
			);
			name = vmd;
			sourceTree = "<group>";
		};
		0E91688317912788001FD3A6 /* MikuMikuConnection */ = {
			isa = PBXGroup;
			children = (
				0E91688417912837001FD3A6 /* MikuMikuConnection.h */,
				0E91688517912837001FD3A6 /* MikuMikuConnection.m */,
				0EAAC65C1791973B008EAE4F /* MikuMikuConnectionServer.h */,
				0EAAC65D1791973B008EAE4F /* MikuMikuConnectionServer.m */,
				0EAAC6611791A132008EAE4F /* MikuMikuConnectionServers.plist */,
				0E91688A17912873001FD3A6 /* MikuMikuRequest.h */,
				0E91688B17912873001FD3A6 /* MikuMikuRequest.m */,
				0E91689B17912F43001FD3A6 /* MikuMikuRequestPerformer.h */,
				0E91689C17912F43001FD3A6 /* MikuMikuRequestPerformer.m */,
				0E91689517912B4D001FD3A6 /* MikuMikuResponse.h */,
				0E91689617912B4D001FD3A6 /* MikuMikuResponse.m */,
				0E91689817912B66001FD3A6 /* MikuMikuError.h */,
				0E91689917912B66001FD3A6 /* MikuMikuError.m */,
				0EAAC65717914263008EAE4F /* MikuMikuErrorDescriptions.plist */,
			);
			name = MikuMikuConnection;
			sourceTree = "<group>";
		};
		0E91688E17912A13001FD3A6 /* WindowLocker */ = {
			isa = PBXGroup;
			children = (
				0E91688F17912A48001FD3A6 /* WindowLocker.h */,
				0E91689017912A48001FD3A6 /* WindowLocker.m */,
				0E91689217912A78001FD3A6 /* WindowLocker+MikuMikuConnection.h */,
				0E91689317912A78001FD3A6 /* WindowLocker+MikuMikuConnection.m */,
			);
			name = WindowLocker;
			sourceTree = "<group>";
		};
		0EB7E4B01792CFCA009F2FFF /* Contents */ = {
			isa = PBXGroup;
			children = (
				0EB7E4B11792CFF8009F2FFF /* MMDHub */,
				0EB7E4BA1792D005009F2FFF /* Downloads */,
				0EB7E4C81792D2C1009F2FFF /* Party */,
			);
			name = Contents;
			sourceTree = "<group>";
		};
		0EB7E4B11792CFF8009F2FFF /* MMDHub */ = {
			isa = PBXGroup;
			children = (
				0EB7E4D317930C97009F2FFF /* MMDHubItem */,
				0EB7E4B21792D002009F2FFF /* MMDHubItemTableView.h */,
				0EB7E4B31792D002009F2FFF /* MMDHubItemTableView.m */,
				0EB7E4B41792D002009F2FFF /* MMDHubViewController.h */,
				0EB7E4B51792D002009F2FFF /* MMDHubViewController.m */,
				0EB7E4B61792D002009F2FFF /* MMDHubViewController.xib */,
				0EB7E4CE179308D0009F2FFF /* ItemDetailViewController.h */,
				0EB7E4CF179308D0009F2FFF /* ItemDetailViewController.m */,
				0EB7E4D0179308D0009F2FFF /* ItemDetailViewController.xib */,
			);
			name = MMDHub;
			sourceTree = "<group>";
		};
		0EB7E4BA1792D005009F2FFF /* Downloads */ = {
			isa = PBXGroup;
			children = (
				0EB7E4C31792D2BE009F2FFF /* DownloadsViewController.h */,
				0EB7E4C41792D2BE009F2FFF /* DownloadsViewController.m */,
				0EB7E4C51792D2BE009F2FFF /* DownloadsViewController.xib */,
			);
			name = Downloads;
			sourceTree = "<group>";
		};
		0EB7E4C81792D2C1009F2FFF /* Party */ = {
			isa = PBXGroup;
			children = (
				0EB7E4C91792D372009F2FFF /* PartyViewController.h */,
				0EB7E4CA1792D372009F2FFF /* PartyViewController.m */,
				0EB7E4CB1792D372009F2FFF /* PartyViewController.xib */,
				0EB7E4F6179827C4009F2FFF /* ItemSelectViewController.h */,
				0EB7E4F7179827C4009F2FFF /* ItemSelectViewController.m */,
			);
			name = Party;
			sourceTree = "<group>";
		};
		0EB7E4D317930C97009F2FFF /* MMDHubItem */ = {
			isa = PBXGroup;
			children = (
				0EB7E4D417930CDC009F2FFF /* MMDHubItem.h */,
				0EB7E4D517930CDC009F2FFF /* MMDHubItem.m */,
				0EB7E4D717930CFF009F2FFF /* MMDHubItemCollection.h */,
				0EB7E4D817930CFF009F2FFF /* MMDHubItemCollection.m */,
			);
			name = MMDHubItem;
			sourceTree = "<group>";
		};
		0EB7E4DA1795A0C9009F2FFF /* DownloadController */ = {
			isa = PBXGroup;
			children = (
				0EB7E4DB1795A0EF009F2FFF /* DownloadController.h */,
				0EB7E4DC1795A0EF009F2FFF /* DownloadController.m */,
			);
			name = DownloadController;
			sourceTree = "<group>";
		};
		0EB7E4DE1795A74F009F2FFF /* MikuMikuDownloader */ = {
			isa = PBXGroup;
			children = (
				0EB7E4DF1795A768009F2FFF /* MikuMikuDownloader.h */,
				0EB7E4E01795A768009F2FFF /* MikuMikuDownloader.m */,
			);
			name = MikuMikuDownloader;
			sourceTree = "<group>";
		};
		0EB7E4E21795B2E8009F2FFF /* ZipArchive */ = {
			isa = PBXGroup;
			children = (
				0EB7E4E61795B324009F2FFF /* minizip */,
				0EB7E4E31795B30E009F2FFF /* ZipArchive.h */,
				0EB7E4E41795B30E009F2FFF /* ZipArchive.mm */,
			);
			name = ZipArchive;
			sourceTree = "<group>";
		};
		0EB7E4E61795B324009F2FFF /* minizip */ = {
			isa = PBXGroup;
			children = (
				0EB7E4E71795B331009F2FFF /* crypt.h */,
				0EB7E4E81795B331009F2FFF /* ioapi.c */,
				0EB7E4E91795B331009F2FFF /* ioapi.h */,
				0EB7E4EA1795B331009F2FFF /* mztools.c */,
				0EB7E4EB1795B331009F2FFF /* mztools.h */,
				0EB7E4EC1795B331009F2FFF /* unzip.c */,
				0EB7E4ED1795B331009F2FFF /* unzip.h */,
				0EB7E4EE1795B331009F2FFF /* zip.c */,
				0EB7E4EF1795B331009F2FFF /* zip.h */,
			);
			name = minizip;
			sourceTree = "<group>";
		};
		0EB7E4F917997D6E009F2FFF /* NSString+Charset */ = {
			isa = PBXGroup;
			children = (
				0EB7E4FA17997D93009F2FFF /* NSString+Charset.h */,
				0EB7E4FB17997D93009F2FFF /* NSString+Charset.m */,
			);
			name = "NSString+Charset";
			sourceTree = "<group>";
		};
		0EB7E4FD1799A95E009F2FFF /* pmx */ = {
			isa = PBXGroup;
			children = (
				0EB7E4FF1799A99B009F2FFF /* pmxReader.h */,
				0EB7E4FE1799A99B009F2FFF /* pmxReader.mm */,
			);
			name = pmx;
			sourceTree = "<group>";
		};
		0EF8DD86178DB7A00067522B = {
			isa = PBXGroup;
			children = (
				0EB7E4F41795B38D009F2FFF /* libz.1.2.5.dylib */,
				0EF8DD98178DB7A00067522B /* MikuMikuParty */,
				0EF8DDBF178DB7A10067522B /* MikuMikuPartyTests */,
				0EF8DD91178DB7A00067522B /* Frameworks */,
				0EF8DD90178DB7A00067522B /* Products */,
			);
			sourceTree = "<group>";
		};
		0EF8DD90178DB7A00067522B /* Products */ = {
			isa = PBXGroup;
			children = (
				0EF8DD8F178DB7A00067522B /* MikuMikuParty.app */,
				0EF8DDB8178DB7A10067522B /* MikuMikuPartyTests.octest */,
			);
			name = Products;
			sourceTree = "<group>";
		};
		0EF8DD91178DB7A00067522B /* Frameworks */ = {
			isa = PBXGroup;
			children = (
				0E82C7B8178DBD8F00E9E0A5 /* OpenGLES.framework */,
				0E82C7B6178DBD8700E9E0A5 /* QuartzCore.framework */,
				0EF8DD92178DB7A00067522B /* UIKit.framework */,
				0EF8DD94178DB7A00067522B /* Foundation.framework */,
				0EF8DD96178DB7A00067522B /* CoreGraphics.framework */,
				0EF8DDB9178DB7A10067522B /* SenTestingKit.framework */,
			);
			name = Frameworks;
			sourceTree = "<group>";
		};
		0EF8DD98178DB7A00067522B /* MikuMikuParty */ = {
			isa = PBXGroup;
			children = (
				0EB7E4DA1795A0C9009F2FFF /* DownloadController */,
				0EB7E4B01792CFCA009F2FFF /* Contents */,
				0E82C74C178DB96800E9E0A5 /* Utilities */,
				0E82C79B178DBC0A00E9E0A5 /* vmd */,
				0E82C797178DBBEA00E9E0A5 /* SGXSkininngEvaluator */,
				0E82C781178DBBD300E9E0A5 /* PVR */,
				0EB7E4FD1799A95E009F2FFF /* pmx */,
				0E82C77A178DBBC700E9E0A5 /* pmd */,
				0E82C772178DBBBB00E9E0A5 /* ESRenderer */,
				0E82C76B178DBB6600E9E0A5 /* Shaders */,
				0EF8DDA1178DB7A00067522B /* AppDelegate.h */,
				0EF8DDA2178DB7A00067522B /* AppDelegate.mm */,
				0EF8DDAA178DB7A00067522B /* ViewController.h */,
				0EF8DDAB178DB7A00067522B /* ViewController.m */,
				0EF8DDAD178DB7A00067522B /* ViewController_iPhone.xib */,
				0EF8DDB0178DB7A00067522B /* ViewController_iPad.xib */,
				0EF8DD99178DB7A00067522B /* Supporting Files */,
			);
			path = MikuMikuParty;
			sourceTree = "<group>";
		};
		0EF8DD99178DB7A00067522B /* Supporting Files */ = {
			isa = PBXGroup;
			children = (
				0EF8DD9A178DB7A00067522B /* MikuMikuParty-Info.plist */,
				0EF8DD9B178DB7A00067522B /* InfoPlist.strings */,
				0EF8DD9E178DB7A00067522B /* main.mm */,
				0EF8DDA0178DB7A00067522B /* MikuMikuParty-Prefix.pch */,
				0EF8DDA4178DB7A00067522B /* Default.png */,
				0EF8DDA6178DB7A00067522B /* Default@2x.png */,
				0EF8DDA8178DB7A00067522B /* Default-568h@2x.png */,
			);
			name = "Supporting Files";
			sourceTree = "<group>";
		};
		0EF8DDBF178DB7A10067522B /* MikuMikuPartyTests */ = {
			isa = PBXGroup;
			children = (
				0EF8DDC5178DB7A10067522B /* MikuMikuPartyTests.h */,
				0EF8DDC6178DB7A10067522B /* MikuMikuPartyTests.m */,
				0EF8DDC0178DB7A10067522B /* Supporting Files */,
			);
			path = MikuMikuPartyTests;
			sourceTree = "<group>";
		};
		0EF8DDC0178DB7A10067522B /* Supporting Files */ = {
			isa = PBXGroup;
			children = (
				0EF8DDC1178DB7A10067522B /* MikuMikuPartyTests-Info.plist */,
				0EF8DDC2178DB7A10067522B /* InfoPlist.strings */,
			);
			name = "Supporting Files";
			sourceTree = "<group>";
		};
/* End PBXGroup section */

/* Begin PBXNativeTarget section */
		0EF8DD8E178DB7A00067522B /* MikuMikuParty */ = {
			isa = PBXNativeTarget;
			buildConfigurationList = 0EF8DDCA178DB7A10067522B /* Build configuration list for PBXNativeTarget "MikuMikuParty" */;
			buildPhases = (
				0EF8DD8B178DB7A00067522B /* Sources */,
				0EF8DD8C178DB7A00067522B /* Frameworks */,
				0EF8DD8D178DB7A00067522B /* Resources */,
			);
			buildRules = (
			);
			dependencies = (
			);
			name = MikuMikuParty;
			productName = MikuMikuParty;
			productReference = 0EF8DD8F178DB7A00067522B /* MikuMikuParty.app */;
			productType = "com.apple.product-type.application";
		};
		0EF8DDB7178DB7A10067522B /* MikuMikuPartyTests */ = {
			isa = PBXNativeTarget;
			buildConfigurationList = 0EF8DDCD178DB7A10067522B /* Build configuration list for PBXNativeTarget "MikuMikuPartyTests" */;
			buildPhases = (
				0EF8DDB3178DB7A10067522B /* Sources */,
				0EF8DDB4178DB7A10067522B /* Frameworks */,
				0EF8DDB5178DB7A10067522B /* Resources */,
				0EF8DDB6178DB7A10067522B /* ShellScript */,
			);
			buildRules = (
			);
			dependencies = (
				0EF8DDBE178DB7A10067522B /* PBXTargetDependency */,
			);
			name = MikuMikuPartyTests;
			productName = MikuMikuPartyTests;
			productReference = 0EF8DDB8178DB7A10067522B /* MikuMikuPartyTests.octest */;
			productType = "com.apple.product-type.bundle";
		};
/* End PBXNativeTarget section */

/* Begin PBXProject section */
		0EF8DD87178DB7A00067522B /* Project object */ = {
			isa = PBXProject;
			attributes = {
				LastUpgradeCheck = 0460;
			};
			buildConfigurationList = 0EF8DD8A178DB7A00067522B /* Build configuration list for PBXProject "MikuMikuParty" */;
			compatibilityVersion = "Xcode 3.2";
			developmentRegion = English;
			hasScannedForEncodings = 0;
			knownRegions = (
				en,
			);
			mainGroup = 0EF8DD86178DB7A00067522B;
			productRefGroup = 0EF8DD90178DB7A00067522B /* Products */;
			projectDirPath = "";
			projectRoot = "";
			targets = (
				0EF8DD8E178DB7A00067522B /* MikuMikuParty */,
				0EF8DDB7178DB7A10067522B /* MikuMikuPartyTests */,
			);
		};
/* End PBXProject section */

/* Begin PBXResourcesBuildPhase section */
		0EF8DD8D178DB7A00067522B /* Resources */ = {
			isa = PBXResourcesBuildPhase;
			buildActionMask = 2147483647;
			files = (
				0EF8DD9D178DB7A00067522B /* InfoPlist.strings in Resources */,
				0EF8DDA5178DB7A00067522B /* Default.png in Resources */,
				0EF8DDA7178DB7A00067522B /* Default@2x.png in Resources */,
				0EF8DDA9178DB7A00067522B /* Default-568h@2x.png in Resources */,
				0EF8DDAF178DB7A00067522B /* ViewController_iPhone.xib in Resources */,
				0EF8DDB2178DB7A00067522B /* ViewController_iPad.xib in Resources */,
				0E82C7AE178DBD5800E9E0A5 /* Shader.fsh in Resources */,
				0E82C7AF178DBD5800E9E0A5 /* Shader.vsh in Resources */,
				0E82C7B0178DBD5800E9E0A5 /* ShaderPlain.fsh in Resources */,
				0E82C7B1178DBD5800E9E0A5 /* ShaderPlain.vsh in Resources */,
				0E82C7B2178DBD5800E9E0A5 /* ShaderPlainSkin.fsh in Resources */,
				0E82C7B3178DBD5800E9E0A5 /* ShaderPlainSkin.vsh in Resources */,
				0E82C7B4178DBD5800E9E0A5 /* ShaderPlainTex.fsh in Resources */,
				0E82C7B5178DBD5800E9E0A5 /* ShaderPlainTex.vsh in Resources */,
				0EAAC65817914263008EAE4F /* MikuMikuErrorDescriptions.plist in Resources */,
				0EAAC6621791A133008EAE4F /* MikuMikuConnectionServers.plist in Resources */,
				0EB7E4B91792D002009F2FFF /* MMDHubViewController.xib in Resources */,
				0EB7E4C71792D2BE009F2FFF /* DownloadsViewController.xib in Resources */,
				0EB7E4CD1792D372009F2FFF /* PartyViewController.xib in Resources */,
				0EB7E4D2179308D0009F2FFF /* ItemDetailViewController.xib in Resources */,
			);
			runOnlyForDeploymentPostprocessing = 0;
		};
		0EF8DDB5178DB7A10067522B /* Resources */ = {
			isa = PBXResourcesBuildPhase;
			buildActionMask = 2147483647;
			files = (
				0EF8DDC4178DB7A10067522B /* InfoPlist.strings in Resources */,
			);
			runOnlyForDeploymentPostprocessing = 0;
		};
/* End PBXResourcesBuildPhase section */

/* Begin PBXShellScriptBuildPhase section */
		0EF8DDB6178DB7A10067522B /* ShellScript */ = {
			isa = PBXShellScriptBuildPhase;
			buildActionMask = 2147483647;
			files = (
			);
			inputPaths = (
			);
			outputPaths = (
			);
			runOnlyForDeploymentPostprocessing = 0;
			shellPath = /bin/sh;
			shellScript = "# Run the unit tests in this test bundle.\n\"${SYSTEM_DEVELOPER_DIR}/Tools/RunUnitTests\"\n";
		};
/* End PBXShellScriptBuildPhase section */

/* Begin PBXSourcesBuildPhase section */
		0EF8DD8B178DB7A00067522B /* Sources */ = {
			isa = PBXSourcesBuildPhase;
			buildActionMask = 2147483647;
			files = (
				0EF8DD9F178DB7A00067522B /* main.mm in Sources */,
				0EF8DDA3178DB7A00067522B /* AppDelegate.mm in Sources */,
				0EF8DDAC178DB7A00067522B /* ViewController.m in Sources */,
				0E82C778178DBBC200E9E0A5 /* EAGLView.mm in Sources */,
				0E82C779178DBBC200E9E0A5 /* ES2Renderer.mm in Sources */,
				0E82C77F178DBBCF00E9E0A5 /* pmdReader.mm in Sources */,
				0E82C780178DBBCF00E9E0A5 /* pmdRenderer.mm in Sources */,
				0E82C791178DBBDF00E9E0A5 /* PVRTexture.m in Sources */,
				0E82C792178DBBDF00E9E0A5 /* PVRTMatrixF.cpp in Sources */,
				0E82C793178DBBDF00E9E0A5 /* PVRTQuaternionF.cpp in Sources */,
				0E82C794178DBBDF00E9E0A5 /* PVRTQuaternionX.cpp in Sources */,
				0E82C795178DBBDF00E9E0A5 /* PVRTVector.cpp in Sources */,
				0E82C796178DBBDF00E9E0A5 /* Texture2D.m in Sources */,
				0E82C79A178DBBF000E9E0A5 /* SGXSkininngEvaluator.mm in Sources */,
				0E82C7A2178DBC1000E9E0A5 /* vmdMotionProvider.mm in Sources */,
				0E82C7A3178DBC1000E9E0A5 /* vmdMotonProviderIK.mm in Sources */,
				0E82C7A4178DBC1000E9E0A5 /* vmdMotonProviderSkinAnimation.mm in Sources */,
				0E82C7A5178DBC1000E9E0A5 /* vmdReader.mm in Sources */,
				0E91688617912837001FD3A6 /* MikuMikuConnection.m in Sources */,
				0E91688C17912873001FD3A6 /* MikuMikuRequest.m in Sources */,
				0E91689117912A48001FD3A6 /* WindowLocker.m in Sources */,
				0E91689417912A78001FD3A6 /* WindowLocker+MikuMikuConnection.m in Sources */,
				0E91689717912B4D001FD3A6 /* MikuMikuResponse.m in Sources */,
				0E91689A17912B66001FD3A6 /* MikuMikuError.m in Sources */,
				0E91689D17912F43001FD3A6 /* MikuMikuRequestPerformer.m in Sources */,
				0EAAC65E1791973B008EAE4F /* MikuMikuConnectionServer.m in Sources */,
				0EB7E4B71792D002009F2FFF /* MMDHubItemTableView.m in Sources */,
				0EB7E4B81792D002009F2FFF /* MMDHubViewController.m in Sources */,
				0EB7E4C61792D2BE009F2FFF /* DownloadsViewController.m in Sources */,
				0EB7E4CC1792D372009F2FFF /* PartyViewController.m in Sources */,
				0EB7E4D1179308D0009F2FFF /* ItemDetailViewController.m in Sources */,
				0EB7E4D617930CDC009F2FFF /* MMDHubItem.m in Sources */,
				0EB7E4D917930CFF009F2FFF /* MMDHubItemCollection.m in Sources */,
				0EB7E4DD1795A0EF009F2FFF /* DownloadController.m in Sources */,
				0EB7E4E11795A768009F2FFF /* MikuMikuDownloader.m in Sources */,
				0EB7E4E51795B30E009F2FFF /* ZipArchive.mm in Sources */,
				0EB7E4F01795B331009F2FFF /* ioapi.c in Sources */,
				0EB7E4F11795B331009F2FFF /* mztools.c in Sources */,
				0EB7E4F21795B331009F2FFF /* unzip.c in Sources */,
				0EB7E4F31795B331009F2FFF /* zip.c in Sources */,
				0EB7E4F8179827C4009F2FFF /* ItemSelectViewController.m in Sources */,
				0EB7E4FC17997D93009F2FFF /* NSString+Charset.m in Sources */,
				0EB7E5001799A99B009F2FFF /* pmxReader.mm in Sources */,
			);
			runOnlyForDeploymentPostprocessing = 0;
		};
		0EF8DDB3178DB7A10067522B /* Sources */ = {
			isa = PBXSourcesBuildPhase;
			buildActionMask = 2147483647;
			files = (
				0EF8DDC7178DB7A10067522B /* MikuMikuPartyTests.m in Sources */,
			);
			runOnlyForDeploymentPostprocessing = 0;
		};
/* End PBXSourcesBuildPhase section */

/* Begin PBXTargetDependency section */
		0EF8DDBE178DB7A10067522B /* PBXTargetDependency */ = {
			isa = PBXTargetDependency;
			target = 0EF8DD8E178DB7A00067522B /* MikuMikuParty */;
			targetProxy = 0EF8DDBD178DB7A10067522B /* PBXContainerItemProxy */;
		};
/* End PBXTargetDependency section */

/* Begin PBXVariantGroup section */
		0EF8DD9B178DB7A00067522B /* InfoPlist.strings */ = {
			isa = PBXVariantGroup;
			children = (
				0EF8DD9C178DB7A00067522B /* en */,
			);
			name = InfoPlist.strings;
			sourceTree = "<group>";
		};
		0EF8DDAD178DB7A00067522B /* ViewController_iPhone.xib */ = {
			isa = PBXVariantGroup;
			children = (
				0EF8DDAE178DB7A00067522B /* en */,
			);
			name = ViewController_iPhone.xib;
			sourceTree = "<group>";
		};
		0EF8DDB0178DB7A00067522B /* ViewController_iPad.xib */ = {
			isa = PBXVariantGroup;
			children = (
				0EF8DDB1178DB7A00067522B /* en */,
			);
			name = ViewController_iPad.xib;
			sourceTree = "<group>";
		};
		0EF8DDC2178DB7A10067522B /* InfoPlist.strings */ = {
			isa = PBXVariantGroup;
			children = (
				0EF8DDC3178DB7A10067522B /* en */,
			);
			name = InfoPlist.strings;
			sourceTree = "<group>";
		};
/* End PBXVariantGroup section */

/* Begin XCBuildConfiguration section */
		0EF8DDC8178DB7A10067522B /* Debug */ = {
			isa = XCBuildConfiguration;
			buildSettings = {
				ALWAYS_SEARCH_USER_PATHS = NO;
				CLANG_CXX_LANGUAGE_STANDARD = "gnu++0x";
				CLANG_CXX_LIBRARY = "libc++";
				CLANG_ENABLE_OBJC_ARC = YES;
				CLANG_WARN_CONSTANT_CONVERSION = YES;
				CLANG_WARN_EMPTY_BODY = YES;
				CLANG_WARN_ENUM_CONVERSION = YES;
				CLANG_WARN_INT_CONVERSION = YES;
				CLANG_WARN__DUPLICATE_METHOD_MATCH = YES;
				CODE_SIGN_IDENTITY = "iPhone Developer: Masatsugu Oomiya (GZGBR5893P)";
				"CODE_SIGN_IDENTITY[sdk=iphoneos*]" = "iPhone Developer";
				COPY_PHASE_STRIP = NO;
				GCC_C_LANGUAGE_STANDARD = gnu99;
				GCC_DYNAMIC_NO_PIC = NO;
				GCC_OPTIMIZATION_LEVEL = 0;
				GCC_PREPROCESSOR_DEFINITIONS = (
					"DEBUG=1",
					"$(inherited)",
				);
				GCC_SYMBOLS_PRIVATE_EXTERN = NO;
				GCC_WARN_ABOUT_RETURN_TYPE = YES;
				GCC_WARN_UNINITIALIZED_AUTOS = YES;
				GCC_WARN_UNUSED_VARIABLE = YES;
				IPHONEOS_DEPLOYMENT_TARGET = 5.1;
				ONLY_ACTIVE_ARCH = YES;
				PROVISIONING_PROFILE = "FA8D5FE3-599E-4617-96B0-936BE747BA7C";
				SDKROOT = iphoneos;
				TARGETED_DEVICE_FAMILY = "1,2";
			};
			name = Debug;
		};
		0EF8DDC9178DB7A10067522B /* Release */ = {
			isa = XCBuildConfiguration;
			buildSettings = {
				ALWAYS_SEARCH_USER_PATHS = NO;
				CLANG_CXX_LANGUAGE_STANDARD = "gnu++0x";
				CLANG_CXX_LIBRARY = "libc++";
				CLANG_ENABLE_OBJC_ARC = YES;
				CLANG_WARN_CONSTANT_CONVERSION = YES;
				CLANG_WARN_EMPTY_BODY = YES;
				CLANG_WARN_ENUM_CONVERSION = YES;
				CLANG_WARN_INT_CONVERSION = YES;
				CLANG_WARN__DUPLICATE_METHOD_MATCH = YES;
				CODE_SIGN_IDENTITY = "iPhone Developer: Masatsugu Oomiya (GZGBR5893P)";
				"CODE_SIGN_IDENTITY[sdk=iphoneos*]" = "iPhone Developer";
				COPY_PHASE_STRIP = YES;
				GCC_C_LANGUAGE_STANDARD = gnu99;
				GCC_WARN_ABOUT_RETURN_TYPE = YES;
				GCC_WARN_UNINITIALIZED_AUTOS = YES;
				GCC_WARN_UNUSED_VARIABLE = YES;
				IPHONEOS_DEPLOYMENT_TARGET = 5.1;
				OTHER_CFLAGS = "-DNS_BLOCK_ASSERTIONS=1";
				PROVISIONING_PROFILE = "FA8D5FE3-599E-4617-96B0-936BE747BA7C";
				SDKROOT = iphoneos;
				TARGETED_DEVICE_FAMILY = "1,2";
				VALIDATE_PRODUCT = YES;
			};
			name = Release;
		};
		0EF8DDCB178DB7A10067522B /* Debug */ = {
			isa = XCBuildConfiguration;
			buildSettings = {
				CLANG_CXX_LANGUAGE_STANDARD = "compiler-default";
				CLANG_ENABLE_OBJC_ARC = NO;
				GCC_PRECOMPILE_PREFIX_HEADER = YES;
				GCC_PREFIX_HEADER = "MikuMikuParty/MikuMikuParty-Prefix.pch";
				INFOPLIST_FILE = "MikuMikuParty/MikuMikuParty-Info.plist";
				PRODUCT_NAME = "$(TARGET_NAME)";
				WRAPPER_EXTENSION = app;
			};
			name = Debug;
		};
		0EF8DDCC178DB7A10067522B /* Release */ = {
			isa = XCBuildConfiguration;
			buildSettings = {
				CLANG_CXX_LANGUAGE_STANDARD = "compiler-default";
				CLANG_ENABLE_OBJC_ARC = NO;
				GCC_PRECOMPILE_PREFIX_HEADER = YES;
				GCC_PREFIX_HEADER = "MikuMikuParty/MikuMikuParty-Prefix.pch";
				INFOPLIST_FILE = "MikuMikuParty/MikuMikuParty-Info.plist";
				PRODUCT_NAME = "$(TARGET_NAME)";
				WRAPPER_EXTENSION = app;
			};
			name = Release;
		};
		0EF8DDCE178DB7A10067522B /* Debug */ = {
			isa = XCBuildConfiguration;
			buildSettings = {
				BUNDLE_LOADER = "$(BUILT_PRODUCTS_DIR)/MikuMikuParty.app/MikuMikuParty";
				FRAMEWORK_SEARCH_PATHS = (
					"\"$(SDKROOT)/Developer/Library/Frameworks\"",
					"\"$(DEVELOPER_LIBRARY_DIR)/Frameworks\"",
				);
				GCC_PRECOMPILE_PREFIX_HEADER = YES;
				GCC_PREFIX_HEADER = "MikuMikuParty/MikuMikuParty-Prefix.pch";
				INFOPLIST_FILE = "MikuMikuPartyTests/MikuMikuPartyTests-Info.plist";
				PRODUCT_NAME = "$(TARGET_NAME)";
				TEST_HOST = "$(BUNDLE_LOADER)";
				WRAPPER_EXTENSION = octest;
			};
			name = Debug;
		};
		0EF8DDCF178DB7A10067522B /* Release */ = {
			isa = XCBuildConfiguration;
			buildSettings = {
				BUNDLE_LOADER = "$(BUILT_PRODUCTS_DIR)/MikuMikuParty.app/MikuMikuParty";
				FRAMEWORK_SEARCH_PATHS = (
					"\"$(SDKROOT)/Developer/Library/Frameworks\"",
					"\"$(DEVELOPER_LIBRARY_DIR)/Frameworks\"",
				);
				GCC_PRECOMPILE_PREFIX_HEADER = YES;
				GCC_PREFIX_HEADER = "MikuMikuParty/MikuMikuParty-Prefix.pch";
				INFOPLIST_FILE = "MikuMikuPartyTests/MikuMikuPartyTests-Info.plist";
				PRODUCT_NAME = "$(TARGET_NAME)";
				TEST_HOST = "$(BUNDLE_LOADER)";
				WRAPPER_EXTENSION = octest;
			};
			name = Release;
		};
/* End XCBuildConfiguration section */

/* Begin XCConfigurationList section */
		0EF8DD8A178DB7A00067522B /* Build configuration list for PBXProject "MikuMikuParty" */ = {
			isa = XCConfigurationList;
			buildConfigurations = (
				0EF8DDC8178DB7A10067522B /* Debug */,
				0EF8DDC9178DB7A10067522B /* Release */,
			);
			defaultConfigurationIsVisible = 0;
			defaultConfigurationName = Release;
		};
		0EF8DDCA178DB7A10067522B /* Build configuration list for PBXNativeTarget "MikuMikuParty" */ = {
			isa = XCConfigurationList;
			buildConfigurations = (
				0EF8DDCB178DB7A10067522B /* Debug */,
				0EF8DDCC178DB7A10067522B /* Release */,
			);
			defaultConfigurationIsVisible = 0;
			defaultConfigurationName = Release;
		};
		0EF8DDCD178DB7A10067522B /* Build configuration list for PBXNativeTarget "MikuMikuPartyTests" */ = {
			isa = XCConfigurationList;
			buildConfigurations = (
				0EF8DDCE178DB7A10067522B /* Debug */,
				0EF8DDCF178DB7A10067522B /* Release */,
			);
			defaultConfigurationIsVisible = 0;
			defaultConfigurationName = Release;
		};
/* End XCConfigurationList section */
	};
	rootObject = 0EF8DD87178DB7A00067522B /* Project object */;
}
